// !$*UTF8*$!
{
	archiveVersion = 1;
	classes = {
	};
	objectVersion = 46;
	objects = {

/* Begin PBXBuildFile section */
		3823802F1CBD304B005B7CDE /* Loader.cpp in Sources */ = {isa = PBXBuildFile; fileRef = 3823802D1CBD304B005B7CDE /* Loader.cpp */; };
		382380391CBDD6C7005B7CDE /* libassimp.3.1.1.dylib in Frameworks */ = {isa = PBXBuildFile; fileRef = 382380381CBDD6C7005B7CDE /* libassimp.3.1.1.dylib */; };
		3823803B1CBDD6FC005B7CDE /* libSDL_image-1.2.0.dylib in Frameworks */ = {isa = PBXBuildFile; fileRef = 3823803A1CBDD6FC005B7CDE /* libSDL_image-1.2.0.dylib */; };
		382380421CBDE865005B7CDE /* TextureCache.cpp in Sources */ = {isa = PBXBuildFile; fileRef = 3823803E1CBDE865005B7CDE /* TextureCache.cpp */; };
		382380431CBDE865005B7CDE /* ResourceManager.cpp in Sources */ = {isa = PBXBuildFile; fileRef = 382380411CBDE865005B7CDE /* ResourceManager.cpp */; };
		382380481CBDED68005B7CDE /* shaderprogram.cpp in Sources */ = {isa = PBXBuildFile; fileRef = 382380471CBDED68005B7CDE /* shaderprogram.cpp */; };
		3823804B1CBDF72E005B7CDE /* shadercache.cpp in Sources */ = {isa = PBXBuildFile; fileRef = 382380491CBDF72E005B7CDE /* shadercache.cpp */; };
		3823804E1CBDF9D6005B7CDE /* staticshader.cpp in Sources */ = {isa = PBXBuildFile; fileRef = 3823804C1CBDF9D6005B7CDE /* staticshader.cpp */; };
		382380561CBE0125005B7CDE /* entityrenderer.cpp in Sources */ = {isa = PBXBuildFile; fileRef = 382380541CBE0125005B7CDE /* entityrenderer.cpp */; };
		385379A31D0A230A009D858D /* libGLEW.1.13.0.dylib in Frameworks */ = {isa = PBXBuildFile; fileRef = 385379A21D0A230A009D858D /* libGLEW.1.13.0.dylib */; };
		385E95E51CD1856600FA5A2E /* inputmanager.cpp in Sources */ = {isa = PBXBuildFile; fileRef = 385E95E41CD1856600FA5A2E /* inputmanager.cpp */; };
		386231601D018AAA00B05885 /* skyboxRenderer.cpp in Sources */ = {isa = PBXBuildFile; fileRef = 3862315E1D018AAA00B05885 /* skyboxRenderer.cpp */; };
		386231631D01CB2F00B05885 /* skyboxShader.cpp in Sources */ = {isa = PBXBuildFile; fileRef = 386231621D01CB2F00B05885 /* skyboxShader.cpp */; };
		38900FCF1CBEB2CA001331A7 /* libSOIL.dylib in Frameworks */ = {isa = PBXBuildFile; fileRef = 38900FCE1CBEB2CA001331A7 /* libSOIL.dylib */; };
		38900FD61CBEF4C1001331A7 /* Timing.cpp in Sources */ = {isa = PBXBuildFile; fileRef = 38900FD41CBEF4C1001331A7 /* Timing.cpp */; };
		38900FDC1CBF0F50001331A7 /* entity.cpp in Sources */ = {isa = PBXBuildFile; fileRef = 38900FDA1CBF0F50001331A7 /* entity.cpp */; };
		389560801CD058E600F802B6 /* thirdpersonviewstate.cpp in Sources */ = {isa = PBXBuildFile; fileRef = 3895607E1CD058E600F802B6 /* thirdpersonviewstate.cpp */; };
		38C6FE901CBD1800004B3747 /* main.cpp in Sources */ = {isa = PBXBuildFile; fileRef = 38C6FE8F1CBD1800004B3747 /* main.cpp */; };
		38C6FE991CBD18BD004B3747 /* DisplayManager.cpp in Sources */ = {isa = PBXBuildFile; fileRef = 38C6FE971CBD18BD004B3747 /* DisplayManager.cpp */; };
		38C6FE9E1CBD1AFD004B3747 /* libSDL2-2.0.0.dylib in Frameworks */ = {isa = PBXBuildFile; fileRef = 38C6FE9B1CBD19AB004B3747 /* libSDL2-2.0.0.dylib */; };
		38C6FEA01CBD1B4F004B3747 /* OpenGL.framework in Frameworks */ = {isa = PBXBuildFile; fileRef = 38C6FE9F1CBD1B4F004B3747 /* OpenGL.framework */; };
		38C6FEA41CBD1BCA004B3747 /* CrabMan.cpp in Sources */ = {isa = PBXBuildFile; fileRef = 38C6FEA21CBD1BCA004B3747 /* CrabMan.cpp */; };
		38C6FEA61CBD1E20004B3747 /* libGLEW.1.12.0.dylib in Frameworks */ = {isa = PBXBuildFile; fileRef = 38C6FEA51CBD1E20004B3747 /* libGLEW.1.12.0.dylib */; };
		38DABA461CCE47CE0012E9EF /* Player.cpp in Sources */ = {isa = PBXBuildFile; fileRef = 38DABA441CCE47CE0012E9EF /* Player.cpp */; };
		38DABA4B1CCE55140012E9EF /* state.cpp in Sources */ = {isa = PBXBuildFile; fileRef = 38DABA491CCE55140012E9EF /* state.cpp */; };
		38DABA4F1CD01CF80012E9EF /* modelcache.cpp in Sources */ = {isa = PBXBuildFile; fileRef = 38DABA4D1CD01CF80012E9EF /* modelcache.cpp */; };
		38DABA511CD030C80012E9EF /* camera3D.cpp in Sources */ = {isa = PBXBuildFile; fileRef = 38DABA501CD030C80012E9EF /* camera3D.cpp */; };
		38DABA551CD035A60012E9EF /* firstpersonviewstate.cpp in Sources */ = {isa = PBXBuildFile; fileRef = 38DABA531CD035A60012E9EF /* firstpersonviewstate.cpp */; };
/* End PBXBuildFile section */

/* Begin PBXCopyFilesBuildPhase section */
		38C6FE8A1CBD1800004B3747 /* CopyFiles */ = {
			isa = PBXCopyFilesBuildPhase;
			buildActionMask = 2147483647;
			dstPath = Users/HimsDLee/Developer/CrabMan/DerivedData/CrabMan/Build/Products/Debug;
			dstSubfolderSpec = 0;
			files = (
			);
			runOnlyForDeploymentPostprocessing = 1;
		};
/* End PBXCopyFilesBuildPhase section */

/* Begin PBXFileReference section */
		3823802D1CBD304B005B7CDE /* Loader.cpp */ = {isa = PBXFileReference; fileEncoding = 4; lastKnownFileType = sourcecode.cpp.cpp; path = Loader.cpp; sourceTree = "<group>"; };
		3823802E1CBD304B005B7CDE /* Loader.h */ = {isa = PBXFileReference; fileEncoding = 4; lastKnownFileType = sourcecode.c.h; path = Loader.h; sourceTree = "<group>"; };
		382380331CBD3439005B7CDE /* Mesh.h */ = {isa = PBXFileReference; fileEncoding = 4; lastKnownFileType = sourcecode.c.h; path = Mesh.h; sourceTree = "<group>"; };
		382380351CBD3439005B7CDE /* Model.h */ = {isa = PBXFileReference; fileEncoding = 4; lastKnownFileType = sourcecode.c.h; path = Model.h; sourceTree = "<group>"; };
		382380381CBDD6C7005B7CDE /* libassimp.3.1.1.dylib */ = {isa = PBXFileReference; lastKnownFileType = "compiled.mach-o.dylib"; name = libassimp.3.1.1.dylib; path = deps/lib/libassimp.3.1.1.dylib; sourceTree = "<group>"; };
		3823803A1CBDD6FC005B7CDE /* libSDL_image-1.2.0.dylib */ = {isa = PBXFileReference; lastKnownFileType = "compiled.mach-o.dylib"; name = "libSDL_image-1.2.0.dylib"; path = "deps/lib/libSDL_image-1.2.0.dylib"; sourceTree = "<group>"; };
		3823803E1CBDE865005B7CDE /* TextureCache.cpp */ = {isa = PBXFileReference; fileEncoding = 4; lastKnownFileType = sourcecode.cpp.cpp; path = TextureCache.cpp; sourceTree = "<group>"; };
		3823803F1CBDE865005B7CDE /* TextureCache.h */ = {isa = PBXFileReference; fileEncoding = 4; lastKnownFileType = sourcecode.c.h; path = TextureCache.h; sourceTree = "<group>"; };
		382380401CBDE865005B7CDE /* ResourceManager.h */ = {isa = PBXFileReference; fileEncoding = 4; lastKnownFileType = sourcecode.c.h; path = ResourceManager.h; sourceTree = "<group>"; };
		382380411CBDE865005B7CDE /* ResourceManager.cpp */ = {isa = PBXFileReference; fileEncoding = 4; lastKnownFileType = sourcecode.cpp.cpp; path = ResourceManager.cpp; sourceTree = "<group>"; };
		382380461CBDED54005B7CDE /* shaderprogram.h */ = {isa = PBXFileReference; lastKnownFileType = sourcecode.c.h; path = shaderprogram.h; sourceTree = "<group>"; };
		382380471CBDED68005B7CDE /* shaderprogram.cpp */ = {isa = PBXFileReference; fileEncoding = 4; lastKnownFileType = sourcecode.cpp.cpp; path = shaderprogram.cpp; sourceTree = "<group>"; };
		382380491CBDF72E005B7CDE /* shadercache.cpp */ = {isa = PBXFileReference; fileEncoding = 4; lastKnownFileType = sourcecode.cpp.cpp; path = shadercache.cpp; sourceTree = "<group>"; };
		3823804A1CBDF72E005B7CDE /* shadercache.h */ = {isa = PBXFileReference; fileEncoding = 4; lastKnownFileType = sourcecode.c.h; path = shadercache.h; sourceTree = "<group>"; };
		3823804C1CBDF9D6005B7CDE /* staticshader.cpp */ = {isa = PBXFileReference; fileEncoding = 4; lastKnownFileType = sourcecode.cpp.cpp; path = staticshader.cpp; sourceTree = "<group>"; };
		3823804D1CBDF9D6005B7CDE /* staticshader.h */ = {isa = PBXFileReference; fileEncoding = 4; lastKnownFileType = sourcecode.c.h; path = staticshader.h; sourceTree = "<group>"; };
		382380541CBE0125005B7CDE /* entityrenderer.cpp */ = {isa = PBXFileReference; fileEncoding = 4; lastKnownFileType = sourcecode.cpp.cpp; path = entityrenderer.cpp; sourceTree = "<group>"; };
		382380551CBE0125005B7CDE /* entityrenderer.h */ = {isa = PBXFileReference; fileEncoding = 4; lastKnownFileType = sourcecode.c.h; path = entityrenderer.h; sourceTree = "<group>"; };
		382380571CBE0910005B7CDE /* lighting.vert */ = {isa = PBXFileReference; lastKnownFileType = sourcecode.glsl; name = lighting.vert; path = DerivedData/CrabMan/Build/Products/Debug/lighting.vert; sourceTree = SOURCE_ROOT; };
		382380581CBE0910005B7CDE /* lighting.frag */ = {isa = PBXFileReference; lastKnownFileType = sourcecode.glsl; name = lighting.frag; path = DerivedData/CrabMan/Build/Products/Debug/lighting.frag; sourceTree = SOURCE_ROOT; };
		385379A21D0A230A009D858D /* libGLEW.1.13.0.dylib */ = {isa = PBXFileReference; lastKnownFileType = "compiled.mach-o.dylib"; name = libGLEW.1.13.0.dylib; path = ../../../../usr/local/Cellar/glew/1.13.0/lib/libGLEW.1.13.0.dylib; sourceTree = "<group>"; };
		385E95E31CD1750400FA5A2E /* viewStateCache.h */ = {isa = PBXFileReference; lastKnownFileType = sourcecode.c.h; path = viewStateCache.h; sourceTree = "<group>"; };
		385E95E41CD1856600FA5A2E /* inputmanager.cpp */ = {isa = PBXFileReference; fileEncoding = 4; lastKnownFileType = sourcecode.cpp.cpp; path = inputmanager.cpp; sourceTree = "<group>"; };
		3862315E1D018AAA00B05885 /* skyboxRenderer.cpp */ = {isa = PBXFileReference; fileEncoding = 4; lastKnownFileType = sourcecode.cpp.cpp; path = skyboxRenderer.cpp; sourceTree = "<group>"; };
		3862315F1D018AAA00B05885 /* skyboxRenderer.h */ = {isa = PBXFileReference; fileEncoding = 4; lastKnownFileType = sourcecode.c.h; path = skyboxRenderer.h; sourceTree = "<group>"; };
		386231611D01C8DA00B05885 /* skyboxShader.h */ = {isa = PBXFileReference; lastKnownFileType = sourcecode.c.h; path = skyboxShader.h; sourceTree = "<group>"; };
		386231621D01CB2F00B05885 /* skyboxShader.cpp */ = {isa = PBXFileReference; fileEncoding = 4; lastKnownFileType = sourcecode.cpp.cpp; path = skyboxShader.cpp; sourceTree = "<group>"; };
		386231661D01D15400B05885 /* skybox.frag */ = {isa = PBXFileReference; lastKnownFileType = sourcecode.glsl; name = skybox.frag; path = DerivedData/CrabMan/Build/Products/Debug/skybox.frag; sourceTree = SOURCE_ROOT; };
		386231671D01D15400B05885 /* skybox.vert */ = {isa = PBXFileReference; lastKnownFileType = sourcecode.glsl; name = skybox.vert; path = DerivedData/CrabMan/Build/Products/Debug/skybox.vert; sourceTree = SOURCE_ROOT; };
		38900FC31CBE0F9E001331A7 /* maths.h */ = {isa = PBXFileReference; lastKnownFileType = sourcecode.c.h; path = maths.h; sourceTree = "<group>"; };
		38900FC61CBE890B001331A7 /* camera.h */ = {isa = PBXFileReference; lastKnownFileType = sourcecode.c.h; path = camera.h; sourceTree = "<group>"; };
		38900FC81CBE89E4001331A7 /* camera3D.h */ = {isa = PBXFileReference; fileEncoding = 4; lastKnownFileType = sourcecode.c.h; path = camera3D.h; sourceTree = "<group>"; };
		38900FCD1CBEA7BB001331A7 /* light.h */ = {isa = PBXFileReference; lastKnownFileType = sourcecode.c.h; path = light.h; sourceTree = "<group>"; };
		38900FCE1CBEB2CA001331A7 /* libSOIL.dylib */ = {isa = PBXFileReference; lastKnownFileType = "compiled.mach-o.dylib"; name = libSOIL.dylib; path = deps/lib/libSOIL.dylib; sourceTree = "<group>"; };
		38900FD21CBEED32001331A7 /* inputmanager.h */ = {isa = PBXFileReference; fileEncoding = 4; lastKnownFileType = sourcecode.c.h; path = inputmanager.h; sourceTree = "<group>"; };
		38900FD41CBEF4C1001331A7 /* Timing.cpp */ = {isa = PBXFileReference; fileEncoding = 4; lastKnownFileType = sourcecode.cpp.cpp; path = Timing.cpp; sourceTree = "<group>"; };
		38900FD51CBEF4C1001331A7 /* Timing.hpp */ = {isa = PBXFileReference; fileEncoding = 4; lastKnownFileType = sourcecode.cpp.h; path = Timing.hpp; sourceTree = "<group>"; };
		38900FDA1CBF0F50001331A7 /* entity.cpp */ = {isa = PBXFileReference; fileEncoding = 4; lastKnownFileType = sourcecode.cpp.cpp; path = entity.cpp; sourceTree = "<group>"; };
		38900FDB1CBF0F50001331A7 /* entity.h */ = {isa = PBXFileReference; fileEncoding = 4; lastKnownFileType = sourcecode.c.h; path = entity.h; sourceTree = "<group>"; };
		3895607E1CD058E600F802B6 /* thirdpersonviewstate.cpp */ = {isa = PBXFileReference; fileEncoding = 4; lastKnownFileType = sourcecode.cpp.cpp; path = thirdpersonviewstate.cpp; sourceTree = "<group>"; };
		3895607F1CD058E600F802B6 /* thirdpersonviewstate.h */ = {isa = PBXFileReference; fileEncoding = 4; lastKnownFileType = sourcecode.c.h; path = thirdpersonviewstate.h; sourceTree = "<group>"; };
		38C6FE8C1CBD1800004B3747 /* CrabMan */ = {isa = PBXFileReference; explicitFileType = "compiled.mach-o.executable"; includeInIndex = 0; path = CrabMan; sourceTree = BUILT_PRODUCTS_DIR; };
		38C6FE8F1CBD1800004B3747 /* main.cpp */ = {isa = PBXFileReference; lastKnownFileType = sourcecode.cpp.cpp; path = main.cpp; sourceTree = "<group>"; };
		38C6FE971CBD18BD004B3747 /* DisplayManager.cpp */ = {isa = PBXFileReference; fileEncoding = 4; lastKnownFileType = sourcecode.cpp.cpp; path = DisplayManager.cpp; sourceTree = "<group>"; };
		38C6FE981CBD18BD004B3747 /* DisplayManager.h */ = {isa = PBXFileReference; fileEncoding = 4; lastKnownFileType = sourcecode.c.h; path = DisplayManager.h; sourceTree = "<group>"; };
		38C6FE9B1CBD19AB004B3747 /* libSDL2-2.0.0.dylib */ = {isa = PBXFileReference; lastKnownFileType = "compiled.mach-o.dylib"; name = "libSDL2-2.0.0.dylib"; path = "deps/lib/libSDL2-2.0.0.dylib"; sourceTree = "<group>"; };
		38C6FE9F1CBD1B4F004B3747 /* OpenGL.framework */ = {isa = PBXFileReference; lastKnownFileType = wrapper.framework; name = OpenGL.framework; path = System/Library/Frameworks/OpenGL.framework; sourceTree = SDKROOT; };
		38C6FEA21CBD1BCA004B3747 /* CrabMan.cpp */ = {isa = PBXFileReference; fileEncoding = 4; lastKnownFileType = sourcecode.cpp.cpp; path = CrabMan.cpp; sourceTree = "<group>"; };
		38C6FEA31CBD1BCA004B3747 /* CrabMan.h */ = {isa = PBXFileReference; fileEncoding = 4; lastKnownFileType = sourcecode.c.h; path = CrabMan.h; sourceTree = "<group>"; };
		38C6FEA51CBD1E20004B3747 /* libGLEW.1.12.0.dylib */ = {isa = PBXFileReference; lastKnownFileType = "compiled.mach-o.dylib"; name = libGLEW.1.12.0.dylib; path = deps/lib/libGLEW.1.12.0.dylib; sourceTree = "<group>"; };
		38C6FEA81CBD2074004B3747 /* publisher.h */ = {isa = PBXFileReference; lastKnownFileType = sourcecode.c.h; path = publisher.h; sourceTree = "<group>"; };
		38C6FEA91CBD2080004B3747 /* subscriber.h */ = {isa = PBXFileReference; lastKnownFileType = sourcecode.c.h; path = subscriber.h; sourceTree = "<group>"; };
		38DABA441CCE47CE0012E9EF /* Player.cpp */ = {isa = PBXFileReference; fileEncoding = 4; lastKnownFileType = sourcecode.cpp.cpp; path = Player.cpp; sourceTree = "<group>"; };
		38DABA451CCE47CE0012E9EF /* Player.h */ = {isa = PBXFileReference; fileEncoding = 4; lastKnownFileType = sourcecode.c.h; path = Player.h; sourceTree = "<group>"; };
		38DABA491CCE55140012E9EF /* state.cpp */ = {isa = PBXFileReference; fileEncoding = 4; lastKnownFileType = sourcecode.cpp.cpp; path = state.cpp; sourceTree = "<group>"; };
		38DABA4A1CCE55140012E9EF /* state.h */ = {isa = PBXFileReference; fileEncoding = 4; lastKnownFileType = sourcecode.c.h; path = state.h; sourceTree = "<group>"; };
		38DABA4D1CD01CF80012E9EF /* modelcache.cpp */ = {isa = PBXFileReference; fileEncoding = 4; lastKnownFileType = sourcecode.cpp.cpp; path = modelcache.cpp; sourceTree = "<group>"; };
		38DABA4E1CD01CF80012E9EF /* modelcache.h */ = {isa = PBXFileReference; fileEncoding = 4; lastKnownFileType = sourcecode.c.h; path = modelcache.h; sourceTree = "<group>"; };
		38DABA501CD030C80012E9EF /* camera3D.cpp */ = {isa = PBXFileReference; fileEncoding = 4; lastKnownFileType = sourcecode.cpp.cpp; path = camera3D.cpp; sourceTree = "<group>"; };
		38DABA521CD032370012E9EF /* viewingState.h */ = {isa = PBXFileReference; lastKnownFileType = sourcecode.c.h; path = viewingState.h; sourceTree = "<group>"; };
		38DABA531CD035A60012E9EF /* firstpersonviewstate.cpp */ = {isa = PBXFileReference; fileEncoding = 4; lastKnownFileType = sourcecode.cpp.cpp; path = firstpersonviewstate.cpp; sourceTree = "<group>"; };
		38DABA541CD035A60012E9EF /* firstpersonviewstate.h */ = {isa = PBXFileReference; fileEncoding = 4; lastKnownFileType = sourcecode.c.h; path = firstpersonviewstate.h; sourceTree = "<group>"; };
/* End PBXFileReference section */

/* Begin PBXFrameworksBuildPhase section */
		38C6FE891CBD1800004B3747 /* Frameworks */ = {
			isa = PBXFrameworksBuildPhase;
			buildActionMask = 2147483647;
			files = (
				385379A31D0A230A009D858D /* libGLEW.1.13.0.dylib in Frameworks */,
				38900FCF1CBEB2CA001331A7 /* libSOIL.dylib in Frameworks */,
				3823803B1CBDD6FC005B7CDE /* libSDL_image-1.2.0.dylib in Frameworks */,
				382380391CBDD6C7005B7CDE /* libassimp.3.1.1.dylib in Frameworks */,
				38C6FEA61CBD1E20004B3747 /* libGLEW.1.12.0.dylib in Frameworks */,
				38C6FEA01CBD1B4F004B3747 /* OpenGL.framework in Frameworks */,
				38C6FE9E1CBD1AFD004B3747 /* libSDL2-2.0.0.dylib in Frameworks */,
			);
			runOnlyForDeploymentPostprocessing = 0;
		};
/* End PBXFrameworksBuildPhase section */

/* Begin PBXGroup section */
		382380311CBD342B005B7CDE /* model */ = {
			isa = PBXGroup;
			children = (
				382380331CBD3439005B7CDE /* Mesh.h */,
				382380351CBD3439005B7CDE /* Model.h */,
				38DABA4D1CD01CF80012E9EF /* modelcache.cpp */,
				38DABA4E1CD01CF80012E9EF /* modelcache.h */,
			);
			name = model;
			sourceTree = "<group>";
		};
		3823803C1CBDE737005B7CDE /* Frameworks */ = {
			isa = PBXGroup;
			children = (
				385379A21D0A230A009D858D /* libGLEW.1.13.0.dylib */,
				38900FCE1CBEB2CA001331A7 /* libSOIL.dylib */,
				3823803A1CBDD6FC005B7CDE /* libSDL_image-1.2.0.dylib */,
				382380381CBDD6C7005B7CDE /* libassimp.3.1.1.dylib */,
				38C6FEA51CBD1E20004B3747 /* libGLEW.1.12.0.dylib */,
				38C6FE9F1CBD1B4F004B3747 /* OpenGL.framework */,
				38C6FE9B1CBD19AB004B3747 /* libSDL2-2.0.0.dylib */,
			);
			name = Frameworks;
			sourceTree = "<group>";
		};
		3823803D1CBDE74C005B7CDE /* shadermanager */ = {
			isa = PBXGroup;
			children = (
				3823804F1CBDFFD8005B7CDE /* shaders */,
				382380461CBDED54005B7CDE /* shaderprogram.h */,
				382380471CBDED68005B7CDE /* shaderprogram.cpp */,
				3823804D1CBDF9D6005B7CDE /* staticshader.h */,
				3823804C1CBDF9D6005B7CDE /* staticshader.cpp */,
				3823804A1CBDF72E005B7CDE /* shadercache.h */,
				382380491CBDF72E005B7CDE /* shadercache.cpp */,
			);
			name = shadermanager;
			sourceTree = "<group>";
		};
		382380441CBDE8C1005B7CDE /* resourcemanager */ = {
			isa = PBXGroup;
			children = (
				382380311CBD342B005B7CDE /* model */,
				382380451CBDE8DB005B7CDE /* textures */,
				3823803D1CBDE74C005B7CDE /* shadermanager */,
				385E95E31CD1750400FA5A2E /* viewStateCache.h */,
				382380401CBDE865005B7CDE /* ResourceManager.h */,
				382380411CBDE865005B7CDE /* ResourceManager.cpp */,
			);
			name = resourcemanager;
			sourceTree = "<group>";
		};
		382380451CBDE8DB005B7CDE /* textures */ = {
			isa = PBXGroup;
			children = (
				3823803E1CBDE865005B7CDE /* TextureCache.cpp */,
				3823803F1CBDE865005B7CDE /* TextureCache.h */,
			);
			name = textures;
			sourceTree = "<group>";
		};
		3823804F1CBDFFD8005B7CDE /* shaders */ = {
			isa = PBXGroup;
			children = (
				382380571CBE0910005B7CDE /* lighting.vert */,
				382380581CBE0910005B7CDE /* lighting.frag */,
				386231661D01D15400B05885 /* skybox.frag */,
				386231671D01D15400B05885 /* skybox.vert */,
			);
			name = shaders;
			sourceTree = "<group>";
		};
		3862315D1D018A7E00B05885 /* skybox */ = {
			isa = PBXGroup;
			children = (
				3862315E1D018AAA00B05885 /* skyboxRenderer.cpp */,
				3862315F1D018AAA00B05885 /* skyboxRenderer.h */,
				386231611D01C8DA00B05885 /* skyboxShader.h */,
				386231621D01CB2F00B05885 /* skyboxShader.cpp */,
			);
			name = skybox;
			sourceTree = "<group>";
		};
		38900FC41CBE7DFF001331A7 /* entities */ = {
			isa = PBXGroup;
			children = (
				38900FC51CBE88FE001331A7 /* cameras */,
				38900FCD1CBEA7BB001331A7 /* light.h */,
				38900FDA1CBF0F50001331A7 /* entity.cpp */,
				38900FDB1CBF0F50001331A7 /* entity.h */,
				38DABA441CCE47CE0012E9EF /* Player.cpp */,
				38DABA451CCE47CE0012E9EF /* Player.h */,
			);
			name = entities;
			sourceTree = "<group>";
		};
		38900FC51CBE88FE001331A7 /* cameras */ = {
			isa = PBXGroup;
			children = (
				38900FC61CBE890B001331A7 /* camera.h */,
				38900FC81CBE89E4001331A7 /* camera3D.h */,
				38DABA501CD030C80012E9EF /* camera3D.cpp */,
				38DABA521CD032370012E9EF /* viewingState.h */,
				38DABA531CD035A60012E9EF /* firstpersonviewstate.cpp */,
				38DABA541CD035A60012E9EF /* firstpersonviewstate.h */,
				3895607E1CD058E600F802B6 /* thirdpersonviewstate.cpp */,
				3895607F1CD058E600F802B6 /* thirdpersonviewstate.h */,
			);
			name = cameras;
			sourceTree = "<group>";
		};
		38900FD01CBEED10001331A7 /* Utilities */ = {
			isa = PBXGroup;
			children = (
				38900FC31CBE0F9E001331A7 /* maths.h */,
				38900FD21CBEED32001331A7 /* inputmanager.h */,
				385E95E41CD1856600FA5A2E /* inputmanager.cpp */,
				38900FD41CBEF4C1001331A7 /* Timing.cpp */,
				38900FD51CBEF4C1001331A7 /* Timing.hpp */,
			);
			name = Utilities;
			sourceTree = "<group>";
		};
		38C6FE831CBD1800004B3747 = {
			isa = PBXGroup;
			children = (
				38C6FE8E1CBD1800004B3747 /* CrabMan */,
				3823803C1CBDE737005B7CDE /* Frameworks */,
				38C6FE8D1CBD1800004B3747 /* Products */,
			);
			sourceTree = "<group>";
		};
		38C6FE8D1CBD1800004B3747 /* Products */ = {
			isa = PBXGroup;
			children = (
				38C6FE8C1CBD1800004B3747 /* CrabMan */,
			);
			name = Products;
			sourceTree = "<group>";
		};
		38C6FE8E1CBD1800004B3747 /* CrabMan */ = {
			isa = PBXGroup;
			children = (
				3862315D1D018A7E00B05885 /* skybox */,
				38DABA471CCE54F90012E9EF /* AI */,
				38900FD01CBEED10001331A7 /* Utilities */,
				38900FC41CBE7DFF001331A7 /* entities */,
				382380441CBDE8C1005B7CDE /* resourcemanager */,
				38C6FEA71CBD2053004B3747 /* ObserverPattern */,
				38C6FE961CBD185E004B3747 /* renderengine */,
				38C6FEA11CBD1BA4004B3747 /* engineRunner */,
				38C6FE8F1CBD1800004B3747 /* main.cpp */,
			);
			path = CrabMan;
			sourceTree = "<group>";
		};
		38C6FE961CBD185E004B3747 /* renderengine */ = {
			isa = PBXGroup;
			children = (
				38C6FE971CBD18BD004B3747 /* DisplayManager.cpp */,
				38C6FE981CBD18BD004B3747 /* DisplayManager.h */,
				3823802D1CBD304B005B7CDE /* Loader.cpp */,
				3823802E1CBD304B005B7CDE /* Loader.h */,
				382380541CBE0125005B7CDE /* entityrenderer.cpp */,
				382380551CBE0125005B7CDE /* entityrenderer.h */,
			);
			name = renderengine;
			sourceTree = "<group>";
		};
		38C6FEA11CBD1BA4004B3747 /* engineRunner */ = {
			isa = PBXGroup;
			children = (
				38C6FEA21CBD1BCA004B3747 /* CrabMan.cpp */,
				38C6FEA31CBD1BCA004B3747 /* CrabMan.h */,
			);
			name = engineRunner;
			sourceTree = "<group>";
		};
		38C6FEA71CBD2053004B3747 /* ObserverPattern */ = {
			isa = PBXGroup;
			children = (
				38C6FEA81CBD2074004B3747 /* publisher.h */,
				38C6FEA91CBD2080004B3747 /* subscriber.h */,
			);
			name = ObserverPattern;
			sourceTree = "<group>";
		};
		38DABA471CCE54F90012E9EF /* AI */ = {
			isa = PBXGroup;
			children = (
				38DABA481CCE54FD0012E9EF /* ai_states */,
			);
			name = AI;
			sourceTree = "<group>";
		};
		38DABA481CCE54FD0012E9EF /* ai_states */ = {
			isa = PBXGroup;
			children = (
				38DABA491CCE55140012E9EF /* state.cpp */,
				38DABA4A1CCE55140012E9EF /* state.h */,
			);
			name = ai_states;
			sourceTree = "<group>";
		};
/* End PBXGroup section */

/* Begin PBXNativeTarget section */
		38C6FE8B1CBD1800004B3747 /* CrabMan */ = {
			isa = PBXNativeTarget;
			buildConfigurationList = 38C6FE931CBD1800004B3747 /* Build configuration list for PBXNativeTarget "CrabMan" */;
			buildPhases = (
				38C6FE881CBD1800004B3747 /* Sources */,
				38C6FE891CBD1800004B3747 /* Frameworks */,
				38C6FE8A1CBD1800004B3747 /* CopyFiles */,
			);
			buildRules = (
			);
			dependencies = (
			);
			name = CrabMan;
			productName = CrabMan;
			productReference = 38C6FE8C1CBD1800004B3747 /* CrabMan */;
			productType = "com.apple.product-type.tool";
		};
/* End PBXNativeTarget section */

/* Begin PBXProject section */
		38C6FE841CBD1800004B3747 /* Project object */ = {
			isa = PBXProject;
			attributes = {
				LastUpgradeCheck = 0730;
				ORGANIZATIONNAME = TriKomand;
				TargetAttributes = {
					38C6FE8B1CBD1800004B3747 = {
						CreatedOnToolsVersion = 7.3;
					};
				};
			};
			buildConfigurationList = 38C6FE871CBD1800004B3747 /* Build configuration list for PBXProject "CrabMan" */;
			compatibilityVersion = "Xcode 3.2";
			developmentRegion = English;
			hasScannedForEncodings = 0;
			knownRegions = (
				en,
			);
			mainGroup = 38C6FE831CBD1800004B3747;
			productRefGroup = 38C6FE8D1CBD1800004B3747 /* Products */;
			projectDirPath = "";
			projectRoot = "";
			targets = (
				38C6FE8B1CBD1800004B3747 /* CrabMan */,
			);
		};
/* End PBXProject section */

/* Begin PBXSourcesBuildPhase section */
		38C6FE881CBD1800004B3747 /* Sources */ = {
			isa = PBXSourcesBuildPhase;
			buildActionMask = 2147483647;
			files = (
				38DABA551CD035A60012E9EF /* firstpersonviewstate.cpp in Sources */,
				382380431CBDE865005B7CDE /* ResourceManager.cpp in Sources */,
				3823804B1CBDF72E005B7CDE /* shadercache.cpp in Sources */,
				382380481CBDED68005B7CDE /* shaderprogram.cpp in Sources */,
				38C6FE991CBD18BD004B3747 /* DisplayManager.cpp in Sources */,
				38C6FEA41CBD1BCA004B3747 /* CrabMan.cpp in Sources */,
				382380421CBDE865005B7CDE /* TextureCache.cpp in Sources */,
				3823804E1CBDF9D6005B7CDE /* staticshader.cpp in Sources */,
				38900FDC1CBF0F50001331A7 /* entity.cpp in Sources */,
				3823802F1CBD304B005B7CDE /* Loader.cpp in Sources */,
				38900FD61CBEF4C1001331A7 /* Timing.cpp in Sources */,
				385E95E51CD1856600FA5A2E /* inputmanager.cpp in Sources */,
				386231631D01CB2F00B05885 /* skyboxShader.cpp in Sources */,
				389560801CD058E600F802B6 /* thirdpersonviewstate.cpp in Sources */,
				38DABA4B1CCE55140012E9EF /* state.cpp in Sources */,
				382380561CBE0125005B7CDE /* entityrenderer.cpp in Sources */,
				38DABA511CD030C80012E9EF /* camera3D.cpp in Sources */,
				38C6FE901CBD1800004B3747 /* main.cpp in Sources */,
				38DABA461CCE47CE0012E9EF /* Player.cpp in Sources */,
				386231601D018AAA00B05885 /* skyboxRenderer.cpp in Sources */,
				38DABA4F1CD01CF80012E9EF /* modelcache.cpp in Sources */,
			);
			runOnlyForDeploymentPostprocessing = 0;
		};
/* End PBXSourcesBuildPhase section */

/* Begin XCBuildConfiguration section */
		38C6FE911CBD1800004B3747 /* Debug */ = {
			isa = XCBuildConfiguration;
			buildSettings = {
				ALWAYS_SEARCH_USER_PATHS = NO;
				CLANG_ANALYZER_NONNULL = YES;
				CLANG_CXX_LANGUAGE_STANDARD = "gnu++0x";
				CLANG_CXX_LIBRARY = "libc++";
				CLANG_ENABLE_MODULES = YES;
				CLANG_ENABLE_OBJC_ARC = YES;
				CLANG_WARN_BOOL_CONVERSION = YES;
				CLANG_WARN_CONSTANT_CONVERSION = YES;
				CLANG_WARN_DIRECT_OBJC_ISA_USAGE = YES_ERROR;
				CLANG_WARN_EMPTY_BODY = YES;
				CLANG_WARN_ENUM_CONVERSION = YES;
				CLANG_WARN_INT_CONVERSION = YES;
				CLANG_WARN_OBJC_ROOT_CLASS = YES_ERROR;
				CLANG_WARN_UNREACHABLE_CODE = YES;
				CLANG_WARN__DUPLICATE_METHOD_MATCH = YES;
				CODE_SIGN_IDENTITY = "-";
				COPY_PHASE_STRIP = NO;
				DEBUG_INFORMATION_FORMAT = dwarf;
				ENABLE_STRICT_OBJC_MSGSEND = YES;
				ENABLE_TESTABILITY = YES;
				GCC_C_LANGUAGE_STANDARD = gnu99;
				GCC_DYNAMIC_NO_PIC = NO;
				GCC_NO_COMMON_BLOCKS = YES;
				GCC_OPTIMIZATION_LEVEL = 0;
				GCC_PREPROCESSOR_DEFINITIONS = (
					"DEBUG=1",
					"$(inherited)",
				);
				GCC_WARN_64_TO_32_BIT_CONVERSION = YES;
				GCC_WARN_ABOUT_RETURN_TYPE = YES_ERROR;
				GCC_WARN_UNDECLARED_SELECTOR = YES;
				GCC_WARN_UNINITIALIZED_AUTOS = YES_AGGRESSIVE;
				GCC_WARN_UNUSED_FUNCTION = YES;
				GCC_WARN_UNUSED_VARIABLE = YES;
				MACOSX_DEPLOYMENT_TARGET = 10.10;
				MTL_ENABLE_DEBUG_INFO = YES;
				ONLY_ACTIVE_ARCH = YES;
				SDKROOT = macosx;
			};
			name = Debug;
		};
		38C6FE921CBD1800004B3747 /* Release */ = {
			isa = XCBuildConfiguration;
			buildSettings = {
				ALWAYS_SEARCH_USER_PATHS = NO;
				CLANG_ANALYZER_NONNULL = YES;
				CLANG_CXX_LANGUAGE_STANDARD = "gnu++0x";
				CLANG_CXX_LIBRARY = "libc++";
				CLANG_ENABLE_MODULES = YES;
				CLANG_ENABLE_OBJC_ARC = YES;
				CLANG_WARN_BOOL_CONVERSION = YES;
				CLANG_WARN_CONSTANT_CONVERSION = YES;
				CLANG_WARN_DIRECT_OBJC_ISA_USAGE = YES_ERROR;
				CLANG_WARN_EMPTY_BODY = YES;
				CLANG_WARN_ENUM_CONVERSION = YES;
				CLANG_WARN_INT_CONVERSION = YES;
				CLANG_WARN_OBJC_ROOT_CLASS = YES_ERROR;
				CLANG_WARN_UNREACHABLE_CODE = YES;
				CLANG_WARN__DUPLICATE_METHOD_MATCH = YES;
				CODE_SIGN_IDENTITY = "-";
				COPY_PHASE_STRIP = NO;
				DEBUG_INFORMATION_FORMAT = "dwarf-with-dsym";
				ENABLE_NS_ASSERTIONS = NO;
				ENABLE_STRICT_OBJC_MSGSEND = YES;
				GCC_C_LANGUAGE_STANDARD = gnu99;
				GCC_NO_COMMON_BLOCKS = YES;
				GCC_WARN_64_TO_32_BIT_CONVERSION = YES;
				GCC_WARN_ABOUT_RETURN_TYPE = YES_ERROR;
				GCC_WARN_UNDECLARED_SELECTOR = YES;
				GCC_WARN_UNINITIALIZED_AUTOS = YES_AGGRESSIVE;
				GCC_WARN_UNUSED_FUNCTION = YES;
				GCC_WARN_UNUSED_VARIABLE = YES;
				MACOSX_DEPLOYMENT_TARGET = 10.10;
				MTL_ENABLE_DEBUG_INFO = NO;
				SDKROOT = macosx;
			};
			name = Release;
		};
		38C6FE941CBD1800004B3747 /* Debug */ = {
			isa = XCBuildConfiguration;
			buildSettings = {
				HEADER_SEARCH_PATHS = $PROJECT_DIR/deps/include;
				LIBRARY_SEARCH_PATHS = (
					"$(PROJECT_DIR)/deps/lib",
					/usr/local/Cellar/glew/1.13.0/lib,
				);
				PRODUCT_NAME = "$(TARGET_NAME)";
			};
			name = Debug;
		};
		38C6FE951CBD1800004B3747 /* Release */ = {
			isa = XCBuildConfiguration;
			buildSettings = {
				HEADER_SEARCH_PATHS = $PROJECT_DIR/deps/include;
				LIBRARY_SEARCH_PATHS = (
					"$(PROJECT_DIR)/deps/lib",
					/usr/local/Cellar/glew/1.13.0/lib,
				);
				PRODUCT_NAME = "$(TARGET_NAME)";
			};
			name = Release;
		};
/* End XCBuildConfiguration section */

/* Begin XCConfigurationList section */
		38C6FE871CBD1800004B3747 /* Build configuration list for PBXProject "CrabMan" */ = {
			isa = XCConfigurationList;
			buildConfigurations = (
				38C6FE911CBD1800004B3747 /* Debug */,
				38C6FE921CBD1800004B3747 /* Release */,
			);
			defaultConfigurationIsVisible = 0;
			defaultConfigurationName = Release;
		};
		38C6FE931CBD1800004B3747 /* Build configuration list for PBXNativeTarget "CrabMan" */ = {
			isa = XCConfigurationList;
			buildConfigurations = (
				38C6FE941CBD1800004B3747 /* Debug */,
				38C6FE951CBD1800004B3747 /* Release */,
			);
			defaultConfigurationIsVisible = 0;
			defaultConfigurationName = Release;
		};
/* End XCConfigurationList section */
	};
	rootObject = 38C6FE841CBD1800004B3747 /* Project object */;
}
